
Microsoft Visual Studio Solution File, Format Version 12.00
# Visual Studio Version 16
VisualStudioVersion = 16.0.31424.327
MinimumVisualStudioVersion = 10.0.40219.1
Project("{FAE04EC0-301F-11D3-BF4B-00C04F79EFBC}") = "InterfaceAppli1", "InterfaceAppli1.csproj", "{AFB8F3DE-DE82-4510-B700-80BCB0F6254F}"
EndProject
Project("{9A19103F-16F7-4668-BE54-9A1E7A4F7556}") = "Modele", "..\Modele\Modele.csproj", "{42C170D0-E47B-4906-BBA8-86B0B632C00C}"
EndProject
Project("{2150E333-8FDC-42A3-9474-1A3956D46DE8}") = "Testes_Classes", "Testes_Classes", "{FE1EC0C1-CFF9-414F-8885-12A4F6AE9B85}"
EndProject
Project("{9A19103F-16F7-4668-BE54-9A1E7A4F7556}") = "Test_Chef", "..\Test_Chef\Test_Chef.csproj", "{915B1292-FE5C-4A6B-903B-443E34181D2E}"
EndProject
Project("{FAE04EC0-301F-11D3-BF4B-00C04F79EFBC}") = "Test_Niveau", "..\Test_Niveau\Test_Niveau.csproj", "{46A21C0F-4BDF-41D9-82E9-2C5F0E9156EE}"
EndProject
Project("{FAE04EC0-301F-11D3-BF4B-00C04F79EFBC}") = "Test_Compte", "..\Test_Compte\Test_Compte.csproj", "{10F78E8C-E19E-4479-8826-9C39D7C93658}"
EndProject
Project("{2150E333-8FDC-42A3-9474-1A3956D46DE8}") = "Tests", "Tests", "{CCA81FD6-E265-4159-B6D7-F1BFF507C8C9}"
EndProject
Project("{9A19103F-16F7-4668-BE54-9A1E7A4F7556}") = "Test_Recette", "..\Tests\Test_Recette\Test_Recette.csproj", "{49E4ED12-7F52-49FF-AA6B-85834EE26754}"
EndProject
Project("{9A19103F-16F7-4668-BE54-9A1E7A4F7556}") = "Test_Ingredient", "..\Tests\Test_Ingredient\Test_Ingredient.csproj", "{C1B24866-789E-4A80-99E4-CD09186B2AD1}"
EndProject
Project("{9A19103F-16F7-4668-BE54-9A1E7A4F7556}") = "Test_Chef", "..\Tests\Test_Chef\Test_Chef.csproj", "{4402AB23-162E-4A30-A0CE-4D4C10E06617}"
EndProject
Project("{9A19103F-16F7-4668-BE54-9A1E7A4F7556}") = "Test_Compte", "..\Tests\Test_Compte\Test_Compte.csproj", "{C19900C2-373E-4761-987C-AC00B625E2A1}"
EndProject
Project("{9A19103F-16F7-4668-BE54-9A1E7A4F7556}") = "Test_Niveau", "..\Tests\Test_Niveau\Test_Niveau.csproj", "{69766DB7-71F4-4858-BA15-F5022F31CDE6}"
EndProject
Project("{9A19103F-16F7-4668-BE54-9A1E7A4F7556}") = "Test_Quantité", "..\Tests\Test_Quantité\Test_Quantité.csproj", "{A8368EA8-D499-4556-9239-D732C749D49B}"
EndProject
Project("{9A19103F-16F7-4668-BE54-9A1E7A4F7556}") = "Test_Unité", "..\Tests\Test_Unité\Test_Unité.csproj", "{94A272DC-D16A-4CC6-ABC3-1E8A95A41666}"
EndProject
Project("{FAE04EC0-301F-11D3-BF4B-00C04F79EFBC}") = "Test_Database", "..\Test_Database\Test_Database.csproj", "{4279AADF-12BD-458E-AE14-C25E8194A03A}"
EndProject
Global
	GlobalSection(SolutionConfigurationPlatforms) = preSolution
		Debug|Any CPU = Debug|Any CPU
		Release|Any CPU = Release|Any CPU
	EndGlobalSection
	GlobalSection(ProjectConfigurationPlatforms) = postSolution
		{AFB8F3DE-DE82-4510-B700-80BCB0F6254F}.Debug|Any CPU.ActiveCfg = Debug|Any CPU
		{AFB8F3DE-DE82-4510-B700-80BCB0F6254F}.Debug|Any CPU.Build.0 = Debug|Any CPU
		{AFB8F3DE-DE82-4510-B700-80BCB0F6254F}.Release|Any CPU.ActiveCfg = Release|Any CPU
		{AFB8F3DE-DE82-4510-B700-80BCB0F6254F}.Release|Any CPU.Build.0 = Release|Any CPU
		{42C170D0-E47B-4906-BBA8-86B0B632C00C}.Debug|Any CPU.ActiveCfg = Debug|Any CPU
		{42C170D0-E47B-4906-BBA8-86B0B632C00C}.Debug|Any CPU.Build.0 = Debug|Any CPU
		{42C170D0-E47B-4906-BBA8-86B0B632C00C}.Release|Any CPU.ActiveCfg = Release|Any CPU
		{42C170D0-E47B-4906-BBA8-86B0B632C00C}.Release|Any CPU.Build.0 = Release|Any CPU
		{915B1292-FE5C-4A6B-903B-443E34181D2E}.Debug|Any CPU.ActiveCfg = Debug|Any CPU
		{915B1292-FE5C-4A6B-903B-443E34181D2E}.Debug|Any CPU.Build.0 = Debug|Any CPU
		{915B1292-FE5C-4A6B-903B-443E34181D2E}.Release|Any CPU.ActiveCfg = Release|Any CPU
		{915B1292-FE5C-4A6B-903B-443E34181D2E}.Release|Any CPU.Build.0 = Release|Any CPU
		{46A21C0F-4BDF-41D9-82E9-2C5F0E9156EE}.Debug|Any CPU.ActiveCfg = Debug|Any CPU
		{46A21C0F-4BDF-41D9-82E9-2C5F0E9156EE}.Debug|Any CPU.Build.0 = Debug|Any CPU
		{46A21C0F-4BDF-41D9-82E9-2C5F0E9156EE}.Release|Any CPU.ActiveCfg = Release|Any CPU
		{46A21C0F-4BDF-41D9-82E9-2C5F0E9156EE}.Release|Any CPU.Build.0 = Release|Any CPU
		{10F78E8C-E19E-4479-8826-9C39D7C93658}.Debug|Any CPU.ActiveCfg = Debug|Any CPU
		{10F78E8C-E19E-4479-8826-9C39D7C93658}.Debug|Any CPU.Build.0 = Debug|Any CPU
		{10F78E8C-E19E-4479-8826-9C39D7C93658}.Release|Any CPU.ActiveCfg = Release|Any CPU
		{10F78E8C-E19E-4479-8826-9C39D7C93658}.Release|Any CPU.Build.0 = Release|Any CPU
		{49E4ED12-7F52-49FF-AA6B-85834EE26754}.Debug|Any CPU.ActiveCfg = Debug|Any CPU
		{49E4ED12-7F52-49FF-AA6B-85834EE26754}.Debug|Any CPU.Build.0 = Debug|Any CPU
		{49E4ED12-7F52-49FF-AA6B-85834EE26754}.Release|Any CPU.ActiveCfg = Release|Any CPU
		{49E4ED12-7F52-49FF-AA6B-85834EE26754}.Release|Any CPU.Build.0 = Release|Any CPU
		{C1B24866-789E-4A80-99E4-CD09186B2AD1}.Debug|Any CPU.ActiveCfg = Debug|Any CPU
		{C1B24866-789E-4A80-99E4-CD09186B2AD1}.Debug|Any CPU.Build.0 = Debug|Any CPU
		{C1B24866-789E-4A80-99E4-CD09186B2AD1}.Release|Any CPU.ActiveCfg = Release|Any CPU
		{C1B24866-789E-4A80-99E4-CD09186B2AD1}.Release|Any CPU.Build.0 = Release|Any CPU
		{4402AB23-162E-4A30-A0CE-4D4C10E06617}.Debug|Any CPU.ActiveCfg = Debug|Any CPU
		{4402AB23-162E-4A30-A0CE-4D4C10E06617}.Debug|Any CPU.Build.0 = Debug|Any CPU
		{4402AB23-162E-4A30-A0CE-4D4C10E06617}.Release|Any CPU.ActiveCfg = Release|Any CPU
		{4402AB23-162E-4A30-A0CE-4D4C10E06617}.Release|Any CPU.Build.0 = Release|Any CPU
		{C19900C2-373E-4761-987C-AC00B625E2A1}.Debug|Any CPU.ActiveCfg = Debug|Any CPU
		{C19900C2-373E-4761-987C-AC00B625E2A1}.Debug|Any CPU.Build.0 = Debug|Any CPU
		{C19900C2-373E-4761-987C-AC00B625E2A1}.Release|Any CPU.ActiveCfg = Release|Any CPU
		{C19900C2-373E-4761-987C-AC00B625E2A1}.Release|Any CPU.Build.0 = Release|Any CPU
		{69766DB7-71F4-4858-BA15-F5022F31CDE6}.Debug|Any CPU.ActiveCfg = Debug|Any CPU
		{69766DB7-71F4-4858-BA15-F5022F31CDE6}.Debug|Any CPU.Build.0 = Debug|Any CPU
		{69766DB7-71F4-4858-BA15-F5022F31CDE6}.Release|Any CPU.ActiveCfg = Release|Any CPU
		{69766DB7-71F4-4858-BA15-F5022F31CDE6}.Release|Any CPU.Build.0 = Release|Any CPU
		{A8368EA8-D499-4556-9239-D732C749D49B}.Debug|Any CPU.ActiveCfg = Debug|Any CPU
		{A8368EA8-D499-4556-9239-D732C749D49B}.Debug|Any CPU.Build.0 = Debug|Any CPU
		{A8368EA8-D499-4556-9239-D732C749D49B}.Release|Any CPU.ActiveCfg = Release|Any CPU
		{A8368EA8-D499-4556-9239-D732C749D49B}.Release|Any CPU.Build.0 = Release|Any CPU
		{94A272DC-D16A-4CC6-ABC3-1E8A95A41666}.Debug|Any CPU.ActiveCfg = Debug|Any CPU
		{94A272DC-D16A-4CC6-ABC3-1E8A95A41666}.Debug|Any CPU.Build.0 = Debug|Any CPU
		{94A272DC-D16A-4CC6-ABC3-1E8A95A41666}.Release|Any CPU.ActiveCfg = Release|Any CPU
		{94A272DC-D16A-4CC6-ABC3-1E8A95A41666}.Release|Any CPU.Build.0 = Release|Any CPU
		{4279AADF-12BD-458E-AE14-C25E8194A03A}.Debug|Any CPU.ActiveCfg = Debug|Any CPU
		{4279AADF-12BD-458E-AE14-C25E8194A03A}.Debug|Any CPU.Build.0 = Debug|Any CPU
		{4279AADF-12BD-458E-AE14-C25E8194A03A}.Release|Any CPU.ActiveCfg = Release|Any CPU
		{4279AADF-12BD-458E-AE14-C25E8194A03A}.Release|Any CPU.Build.0 = Release|Any CPU
	EndGlobalSection
	GlobalSection(SolutionProperties) = preSolution
		HideSolutionNode = FALSE
	EndGlobalSection
	GlobalSection(NestedProjects) = preSolution
		{915B1292-FE5C-4A6B-903B-443E34181D2E} = {FE1EC0C1-CFF9-414F-8885-12A4F6AE9B85}
		{46A21C0F-4BDF-41D9-82E9-2C5F0E9156EE} = {FE1EC0C1-CFF9-414F-8885-12A4F6AE9B85}
		{10F78E8C-E19E-4479-8826-9C39D7C93658} = {FE1EC0C1-CFF9-414F-8885-12A4F6AE9B85}
		{49E4ED12-7F52-49FF-AA6B-85834EE26754} = {CCA81FD6-E265-4159-B6D7-F1BFF507C8C9}
		{C1B24866-789E-4A80-99E4-CD09186B2AD1} = {CCA81FD6-E265-4159-B6D7-F1BFF507C8C9}
		{4402AB23-162E-4A30-A0CE-4D4C10E06617} = {CCA81FD6-E265-4159-B6D7-F1BFF507C8C9}
		{C19900C2-373E-4761-987C-AC00B625E2A1} = {CCA81FD6-E265-4159-B6D7-F1BFF507C8C9}
		{69766DB7-71F4-4858-BA15-F5022F31CDE6} = {CCA81FD6-E265-4159-B6D7-F1BFF507C8C9}
		{A8368EA8-D499-4556-9239-D732C749D49B} = {CCA81FD6-E265-4159-B6D7-F1BFF507C8C9}
		{94A272DC-D16A-4CC6-ABC3-1E8A95A41666} = {CCA81FD6-E265-4159-B6D7-F1BFF507C8C9}
		{4279AADF-12BD-458E-AE14-C25E8194A03A} = {CCA81FD6-E265-4159-B6D7-F1BFF507C8C9}
	EndGlobalSection
	GlobalSection(ExtensibilityGlobals) = postSolution
		SolutionGuid = {A336BE30-359A-44D2-81CC-559FD669601B}
	EndGlobalSection
EndGlobal
